
Microsoft Visual Studio Solution File, Format Version 12.00
Project("{FAE04EC0-301F-11D3-BF4B-00C04F79EFBC}") = "Sort", "Sort\Sort.csproj", "{83FFC87B-9EF3-4C52-885B-4FBF06568585}"
EndProject
Project("{FAE04EC0-301F-11D3-BF4B-00C04F79EFBC}") = "Sort.Test", "Sort.Test\Sort.Test.csproj", "{42475CE5-283C-40D1-A06A-1F92C0DC34CC}"
EndProject
Global
	GlobalSection(SolutionConfigurationPlatforms) = preSolution
		Debug|Any CPU = Debug|Any CPU
		Release|Any CPU = Release|Any CPU
	EndGlobalSection
	GlobalSection(ProjectConfigurationPlatforms) = postSolution
		{83FFC87B-9EF3-4C52-885B-4FBF06568585}.Debug|Any CPU.ActiveCfg = Debug|Any CPU
		{83FFC87B-9EF3-4C52-885B-4FBF06568585}.Debug|Any CPU.Build.0 = Debug|Any CPU
		{83FFC87B-9EF3-4C52-885B-4FBF06568585}.Release|Any CPU.ActiveCfg = Release|Any CPU
		{83FFC87B-9EF3-4C52-885B-4FBF06568585}.Release|Any CPU.Build.0 = Release|Any CPU
		{42475CE5-283C-40D1-A06A-1F92C0DC34CC}.Debug|Any CPU.ActiveCfg = Debug|Any CPU
		{42475CE5-283C-40D1-A06A-1F92C0DC34CC}.Debug|Any CPU.Build.0 = Debug|Any CPU
		{42475CE5-283C-40D1-A06A-1F92C0DC34CC}.Release|Any CPU.ActiveCfg = Release|Any CPU
		{42475CE5-283C-40D1-A06A-1F92C0DC34CC}.Release|Any CPU.Build.0 = Release|Any CPU
	EndGlobalSection
EndGlobal
